
Microsoft Visual Studio Solution File, Format Version 12.00
# Visual Studio Version 16
VisualStudioVersion = 16.0.31515.178
MinimumVisualStudioVersion = 10.0.40219.1
Project("{9A19103F-16F7-4668-BE54-9A1E7A4F7556}") = "SwitchesAndUnitTests", "SwitchesAndUnitTests.csproj", "{02977A5E-8DD6-4AD6-AB4A-CBC433E9E4EF}"
EndProject
Project("{FAE04EC0-301F-11D3-BF4B-00C04F79EFBC}") = "TestProjectToCreateCDLibrary", "..\TestProjectToCreateCDLibrary\TestProjectToCreateCDLibrary.csproj", "{A290A8E4-B9C6-4BE5-8993-5CCA77F78D11}"
EndProject
Global
	GlobalSection(SolutionConfigurationPlatforms) = preSolution
		Debug|Any CPU = Debug|Any CPU
		Release|Any CPU = Release|Any CPU
	EndGlobalSection
	GlobalSection(ProjectConfigurationPlatforms) = postSolution
		{02977A5E-8DD6-4AD6-AB4A-CBC433E9E4EF}.Debug|Any CPU.ActiveCfg = Debug|Any CPU
		{02977A5E-8DD6-4AD6-AB4A-CBC433E9E4EF}.Debug|Any CPU.Build.0 = Debug|Any CPU
		{02977A5E-8DD6-4AD6-AB4A-CBC433E9E4EF}.Release|Any CPU.ActiveCfg = Release|Any CPU
		{02977A5E-8DD6-4AD6-AB4A-CBC433E9E4EF}.Release|Any CPU.Build.0 = Release|Any CPU
		{A290A8E4-B9C6-4BE5-8993-5CCA77F78D11}.Debug|Any CPU.ActiveCfg = Debug|Any CPU
		{A290A8E4-B9C6-4BE5-8993-5CCA77F78D11}.Debug|Any CPU.Build.0 = Debug|Any CPU
		{A290A8E4-B9C6-4BE5-8993-5CCA77F78D11}.Release|Any CPU.ActiveCfg = Release|Any CPU
		{A290A8E4-B9C6-4BE5-8993-5CCA77F78D11}.Release|Any CPU.Build.0 = Release|Any CPU
	EndGlobalSection
	GlobalSection(SolutionProperties) = preSolution
		HideSolutionNode = FALSE
	EndGlobalSection
	GlobalSection(ExtensibilityGlobals) = postSolution
		SolutionGuid = {A9C5C905-A474-4379-8ED7-7E6BF43877F6}
	EndGlobalSection
EndGlobal
